Microsoft Visual Studio Solution File, Format Version 12.00
# Visual Studio Version 17
VisualStudioVersion = 17.5.2.0
MinimumVisualStudioVersion = 10.0.40219.1
Project("{FAE04EC0-301F-11D3-BF4B-00C04F79EFBC}") = "VideoChat", "VideoChat.csproj", "{F65F4FB5-D08E-8C72-FEC2-83213EF9534A}"
EndProject
Global
	GlobalSection(SolutionConfigurationPlatforms) = preSolution
		Debug|Any CPU = Debug|Any CPU
		Release|Any CPU = Release|Any CPU
	EndGlobalSection
	GlobalSection(ProjectConfigurationPlatforms) = postSolution
		{F65F4FB5-D08E-8C72-FEC2-83213EF9534A}.Debug|Any CPU.ActiveCfg = Debug|Any CPU
		{F65F4FB5-D08E-8C72-FEC2-83213EF9534A}.Debug|Any CPU.Build.0 = Debug|Any CPU
		{F65F4FB5-D08E-8C72-FEC2-83213EF9534A}.Release|Any CPU.ActiveCfg = Release|Any CPU
		{F65F4FB5-D08E-8C72-FEC2-83213EF9534A}.Release|Any CPU.Build.0 = Release|Any CPU
	EndGlobalSection
	GlobalSection(SolutionProperties) = preSolution
		HideSolutionNode = FALSE
	EndGlobalSection
	GlobalSection(ExtensibilityGlobals) = postSolution
		SolutionGuid = {0726B77D-6B9B-4C0F-8237-E796966B5C21}
	EndGlobalSection
EndGlobal
