{
  "name": "wwwroot",
  "version": "1.0.0",
  "lockfileVersion": 3,
  "requires": true,
  "packages": {
    "": {
      "name": "wwwroot",
      "version": "1.0.0",
      "license": "ISC",
      "dependencies": {
        "ecmascript-webrtc-sipml": "^1.0.11"
      }
    },
    "node_modules/ecmascript-webrtc-sipml": {
      "version": "1.0.11",
      "resolved": "https://registry.npmjs.org/ecmascript-webrtc-sipml/-/ecmascript-webrtc-sipml-1.0.11.tgz",
      "integrity": "sha512-6rST+dnCwr6ZqMZDujWdCYTxlaI4NW+UYSlYDN2iCUOQeZEK+bdRjSBdHzigdJMZXWNAjOmdUaDM5cnReCxnLw==",
      "license": "ISC"
    }
  }
}
